
Microsoft Visual Studio Solution File, Format Version 12.00
# Visual Studio Version 17
VisualStudioVersion = 17.9.34616.47
MinimumVisualStudioVersion = 10.0.40219.1
Project("{FAE04EC0-301F-11D3-BF4B-00C04F79EFBC}") = "CBTool", "CBTool\CBTool.csproj", "{B11AABEA-4154-4912-898E-3A1A1A30CD05}"
EndProject
Global
	GlobalSection(SolutionConfigurationPlatforms) = preSolution
		Debug|Any CPU = Debug|Any CPU
		Release|Any CPU = Release|Any CPU
	EndGlobalSection
	GlobalSection(ProjectConfigurationPlatforms) = postSolution
		{B11AABEA-4154-4912-898E-3A1A1A30CD05}.Debug|Any CPU.ActiveCfg = Debug|Any CPU
		{B11AABEA-4154-4912-898E-3A1A1A30CD05}.Debug|Any CPU.Build.0 = Debug|Any CPU
		{B11AABEA-4154-4912-898E-3A1A1A30CD05}.Release|Any CPU.ActiveCfg = Release|Any CPU
		{B11AABEA-4154-4912-898E-3A1A1A30CD05}.Release|Any CPU.Build.0 = Release|Any CPU
	EndGlobalSection
	GlobalSection(SolutionProperties) = preSolution
		HideSolutionNode = FALSE
	EndGlobalSection
	GlobalSection(ExtensibilityGlobals) = postSolution
		SolutionGuid = {26F2FD85-17C3-4934-B740-C2B2C8EBAFAD}
	EndGlobalSection
EndGlobal
